
Microsoft Visual Studio Solution File, Format Version 12.00
# Visual Studio Version 16
VisualStudioVersion = 16.0.31624.102
MinimumVisualStudioVersion = 10.0.40219.1
Project("{9A19103F-16F7-4668-BE54-9A1E7A4F7556}") = "OnlineClassifiedsPlatform", "OnlineClassifiedsPlatform\OnlineClassifiedsPlatform.csproj", "{C8F41472-1249-40D8-B117-21BB1CAE69AD}"
EndProject
Project("{9A19103F-16F7-4668-BE54-9A1E7A4F7556}") = "OnlineClassifiedsPlatform.DAL", "OnlineClassifiedsPlatform.DAL\OnlineClassifiedsPlatform.DAL.csproj", "{1F57B78F-0B28-4321-A16B-0777B489347F}"
EndProject
Project("{9A19103F-16F7-4668-BE54-9A1E7A4F7556}") = "OnlineClassifiedsPlatform.Autofac", "OnlineClassifiedsPlatform.Autofac\OnlineClassifiedsPlatform.Autofac.csproj", "{69D1E9E9-CD14-4331-B46A-AA39DC1E4302}"
	ProjectSection(ProjectDependencies) = postProject
		{7FEA0A4B-EA50-4B53-83D1-315FD9A6A5F6} = {7FEA0A4B-EA50-4B53-83D1-315FD9A6A5F6}
	EndProjectSection
EndProject
Project("{9A19103F-16F7-4668-BE54-9A1E7A4F7556}") = "OnlineClassifiedsPlatform.Configuration", "OnlineClassifiedsPlatform.Configuration\OnlineClassifiedsPlatform.Configuration.csproj", "{7FEA0A4B-EA50-4B53-83D1-315FD9A6A5F6}"
EndProject
Project("{9A19103F-16F7-4668-BE54-9A1E7A4F7556}") = "OnlineClassifiedsPlatform.BLL", "OnlineClassifiedsPlatform.BLL\OnlineClassifiedsPlatform.BLL.csproj", "{567FA549-B6F3-4F67-8C76-80D4A72623BA}"
EndProject
Project("{FAE04EC0-301F-11D3-BF4B-00C04F79EFBC}") = "OnlineClassifiedsPlatform.AzureStorage", "OnlineClassifiedsPlatform.AzureStorage\OnlineClassifiedsPlatform.AzureStorage.csproj", "{C4D35388-F6C0-42DE-9C5E-9858EC222E16}"
EndProject
Global
	GlobalSection(SolutionConfigurationPlatforms) = preSolution
		Debug|Any CPU = Debug|Any CPU
		Release|Any CPU = Release|Any CPU
	EndGlobalSection
	GlobalSection(ProjectConfigurationPlatforms) = postSolution
		{C8F41472-1249-40D8-B117-21BB1CAE69AD}.Debug|Any CPU.ActiveCfg = Debug|Any CPU
		{C8F41472-1249-40D8-B117-21BB1CAE69AD}.Debug|Any CPU.Build.0 = Debug|Any CPU
		{C8F41472-1249-40D8-B117-21BB1CAE69AD}.Release|Any CPU.ActiveCfg = Release|Any CPU
		{C8F41472-1249-40D8-B117-21BB1CAE69AD}.Release|Any CPU.Build.0 = Release|Any CPU
		{1F57B78F-0B28-4321-A16B-0777B489347F}.Debug|Any CPU.ActiveCfg = Debug|Any CPU
		{1F57B78F-0B28-4321-A16B-0777B489347F}.Debug|Any CPU.Build.0 = Debug|Any CPU
		{1F57B78F-0B28-4321-A16B-0777B489347F}.Release|Any CPU.ActiveCfg = Release|Any CPU
		{1F57B78F-0B28-4321-A16B-0777B489347F}.Release|Any CPU.Build.0 = Release|Any CPU
		{69D1E9E9-CD14-4331-B46A-AA39DC1E4302}.Debug|Any CPU.ActiveCfg = Debug|Any CPU
		{69D1E9E9-CD14-4331-B46A-AA39DC1E4302}.Debug|Any CPU.Build.0 = Debug|Any CPU
		{69D1E9E9-CD14-4331-B46A-AA39DC1E4302}.Release|Any CPU.ActiveCfg = Release|Any CPU
		{69D1E9E9-CD14-4331-B46A-AA39DC1E4302}.Release|Any CPU.Build.0 = Release|Any CPU
		{7FEA0A4B-EA50-4B53-83D1-315FD9A6A5F6}.Debug|Any CPU.ActiveCfg = Debug|Any CPU
		{7FEA0A4B-EA50-4B53-83D1-315FD9A6A5F6}.Debug|Any CPU.Build.0 = Debug|Any CPU
		{7FEA0A4B-EA50-4B53-83D1-315FD9A6A5F6}.Release|Any CPU.ActiveCfg = Release|Any CPU
		{7FEA0A4B-EA50-4B53-83D1-315FD9A6A5F6}.Release|Any CPU.Build.0 = Release|Any CPU
		{567FA549-B6F3-4F67-8C76-80D4A72623BA}.Debug|Any CPU.ActiveCfg = Debug|Any CPU
		{567FA549-B6F3-4F67-8C76-80D4A72623BA}.Debug|Any CPU.Build.0 = Debug|Any CPU
		{567FA549-B6F3-4F67-8C76-80D4A72623BA}.Release|Any CPU.ActiveCfg = Release|Any CPU
		{567FA549-B6F3-4F67-8C76-80D4A72623BA}.Release|Any CPU.Build.0 = Release|Any CPU
		{C4D35388-F6C0-42DE-9C5E-9858EC222E16}.Debug|Any CPU.ActiveCfg = Debug|Any CPU
		{C4D35388-F6C0-42DE-9C5E-9858EC222E16}.Debug|Any CPU.Build.0 = Debug|Any CPU
		{C4D35388-F6C0-42DE-9C5E-9858EC222E16}.Release|Any CPU.ActiveCfg = Release|Any CPU
		{C4D35388-F6C0-42DE-9C5E-9858EC222E16}.Release|Any CPU.Build.0 = Release|Any CPU
	EndGlobalSection
	GlobalSection(SolutionProperties) = preSolution
		HideSolutionNode = FALSE
	EndGlobalSection
	GlobalSection(ExtensibilityGlobals) = postSolution
		SolutionGuid = {CDBACCB4-5DFB-4754-9B91-7BDDDCEFE63D}
	EndGlobalSection
EndGlobal
