
Microsoft Visual Studio Solution File, Format Version 12.00
# Visual Studio Version 16
VisualStudioVersion = 16.0.31624.102
MinimumVisualStudioVersion = 10.0.40219.1
Project("{FAE04EC0-301F-11D3-BF4B-00C04F79EFBC}") = "Online-classifieds-platform", "Online-classifieds-platform\Online-classifieds-platform.csproj", "{C8F41472-1249-40D8-B117-21BB1CAE69AD}"
EndProject
Global
	GlobalSection(SolutionConfigurationPlatforms) = preSolution
		Debug|Any CPU = Debug|Any CPU
		Release|Any CPU = Release|Any CPU
	EndGlobalSection
	GlobalSection(ProjectConfigurationPlatforms) = postSolution
		{C8F41472-1249-40D8-B117-21BB1CAE69AD}.Debug|Any CPU.ActiveCfg = Debug|Any CPU
		{C8F41472-1249-40D8-B117-21BB1CAE69AD}.Debug|Any CPU.Build.0 = Debug|Any CPU
		{C8F41472-1249-40D8-B117-21BB1CAE69AD}.Release|Any CPU.ActiveCfg = Release|Any CPU
		{C8F41472-1249-40D8-B117-21BB1CAE69AD}.Release|Any CPU.Build.0 = Release|Any CPU
	EndGlobalSection
	GlobalSection(SolutionProperties) = preSolution
		HideSolutionNode = FALSE
	EndGlobalSection
	GlobalSection(ExtensibilityGlobals) = postSolution
		SolutionGuid = {CDBACCB4-5DFB-4754-9B91-7BDDDCEFE63D}
	EndGlobalSection
EndGlobal
